# This file is automatically @generated by Poetry 1.8.4 and should not be changed by hand.

[[package]]
name = "chess"
version = "1.11.1"
description = "A chess library with move generation and validation, Polyglot opening book probing, PGN reading and writing, Gaviota tablebase probing, Syzygy tablebase probing, and XBoard/UCI engine communication."
optional = false
python-versions = ">=3.8"
files = [
    {file = "chess-1.11.1.tar.gz", hash = "sha256:b7f66a32dc599ab260e2b688e6ac4e868dad840377a54b61357e2dec2a5fed00"},
]

[metadata]
lock-version = "2.0"
python-versions = "^3.12"
content-hash = "3fd1b4d324f81e5ebc9bafcd465c17dd946c12e74871cdf7fbeb25f1bf24b0e9"
